
Microsoft Visual Studio Solution File, Format Version 12.00
# Visual Studio Version 16
VisualStudioVersion = 16.0.30717.126
MinimumVisualStudioVersion = 10.0.40219.1
Project("{2150E333-8FDC-42A3-9474-1A3956D46DE8}") = "Client", "Client", "{A7FC0B3E-CD1D-4810-BED9-3791EA5304AF}"
EndProject
Project("{2150E333-8FDC-42A3-9474-1A3956D46DE8}") = "Tests", "Tests", "{672DA1C4-20BC-4983-9A5B-92DFB6885291}"
EndProject
Project("{FAE04EC0-301F-11D3-BF4B-00C04F79EFBC}") = "ZbW.Testing.WpfSample.Client", "ZbW.Testing.WpfSample.Client\ZbW.Testing.WpfSample.Client.csproj", "{01E747C2-13C4-496E-BBF4-69C694DFB858}"
EndProject
Project("{2150E333-8FDC-42A3-9474-1A3956D46DE8}") = "Libs", "Libs", "{02F51EB5-7016-488C-A7F9-C9E9F673B3C9}"
EndProject
Project("{FAE04EC0-301F-11D3-BF4B-00C04F79EFBC}") = "ZbW.Testing.WpfSample.Libs.IpInfoInterface", "ZbW.Testing.WpfSample.Libs.IpInfoInterface\ZbW.Testing.WpfSample.Libs.IpInfoInterface.csproj", "{09570209-1A9C-46E0-BD11-51B2C529778C}"
EndProject
Project("{FAE04EC0-301F-11D3-BF4B-00C04F79EFBC}") = "ZbW.Testing.WpfSample.Client.UnitTests", "ZbW.Testing.WpfSample.Client.UnitTests\ZbW.Testing.WpfSample.Client.UnitTests.csproj", "{0A3CD259-1054-446A-920A-C09EEF9CB6A6}"
EndProject
Project("{FAE04EC0-301F-11D3-BF4B-00C04F79EFBC}") = "ZbW.Testing.WpfSample.Client.IntegrationTests", "ZbW.Testing.WpfSample.Client.IntegrationTests\ZbW.Testing.WpfSample.Client.IntegrationTests.csproj", "{6C509D5D-0859-49A1-A91F-21961403F28D}"
EndProject
Global
	GlobalSection(SolutionConfigurationPlatforms) = preSolution
		Debug|Any CPU = Debug|Any CPU
		Release|Any CPU = Release|Any CPU
	EndGlobalSection
	GlobalSection(ProjectConfigurationPlatforms) = postSolution
		{01E747C2-13C4-496E-BBF4-69C694DFB858}.Debug|Any CPU.ActiveCfg = Debug|Any CPU
		{01E747C2-13C4-496E-BBF4-69C694DFB858}.Debug|Any CPU.Build.0 = Debug|Any CPU
		{01E747C2-13C4-496E-BBF4-69C694DFB858}.Release|Any CPU.ActiveCfg = Release|Any CPU
		{01E747C2-13C4-496E-BBF4-69C694DFB858}.Release|Any CPU.Build.0 = Release|Any CPU
		{09570209-1A9C-46E0-BD11-51B2C529778C}.Debug|Any CPU.ActiveCfg = Debug|Any CPU
		{09570209-1A9C-46E0-BD11-51B2C529778C}.Debug|Any CPU.Build.0 = Debug|Any CPU
		{09570209-1A9C-46E0-BD11-51B2C529778C}.Release|Any CPU.ActiveCfg = Release|Any CPU
		{09570209-1A9C-46E0-BD11-51B2C529778C}.Release|Any CPU.Build.0 = Release|Any CPU
		{0A3CD259-1054-446A-920A-C09EEF9CB6A6}.Debug|Any CPU.ActiveCfg = Debug|Any CPU
		{0A3CD259-1054-446A-920A-C09EEF9CB6A6}.Debug|Any CPU.Build.0 = Debug|Any CPU
		{0A3CD259-1054-446A-920A-C09EEF9CB6A6}.Release|Any CPU.ActiveCfg = Release|Any CPU
		{0A3CD259-1054-446A-920A-C09EEF9CB6A6}.Release|Any CPU.Build.0 = Release|Any CPU
		{6C509D5D-0859-49A1-A91F-21961403F28D}.Debug|Any CPU.ActiveCfg = Debug|Any CPU
		{6C509D5D-0859-49A1-A91F-21961403F28D}.Debug|Any CPU.Build.0 = Debug|Any CPU
		{6C509D5D-0859-49A1-A91F-21961403F28D}.Release|Any CPU.ActiveCfg = Release|Any CPU
		{6C509D5D-0859-49A1-A91F-21961403F28D}.Release|Any CPU.Build.0 = Release|Any CPU
	EndGlobalSection
	GlobalSection(SolutionProperties) = preSolution
		HideSolutionNode = FALSE
	EndGlobalSection
	GlobalSection(NestedProjects) = preSolution
		{01E747C2-13C4-496E-BBF4-69C694DFB858} = {A7FC0B3E-CD1D-4810-BED9-3791EA5304AF}
		{09570209-1A9C-46E0-BD11-51B2C529778C} = {02F51EB5-7016-488C-A7F9-C9E9F673B3C9}
		{0A3CD259-1054-446A-920A-C09EEF9CB6A6} = {672DA1C4-20BC-4983-9A5B-92DFB6885291}
		{6C509D5D-0859-49A1-A91F-21961403F28D} = {672DA1C4-20BC-4983-9A5B-92DFB6885291}
	EndGlobalSection
	GlobalSection(ExtensibilityGlobals) = postSolution
		SolutionGuid = {2877C407-6A23-4B92-B61B-1E412B37F189}
	EndGlobalSection
EndGlobal
